
Microsoft Visual Studio Solution File, Format Version 12.00
# Visual Studio Version 17
VisualStudioVersion = 17.8.34408.163
MinimumVisualStudioVersion = 10.0.40219.1
Project("{FAE04EC0-301F-11D3-BF4B-00C04F79EFBC}") = "Jurnal_MOD_03_13022223110_ARF", "Jurnal_MOD_03_13022223110_ARF\Jurnal_MOD_03_13022223110_ARF.csproj", "{9259562C-399F-41E4-8D74-E768B4ABC1B2}"
EndProject
Global
	GlobalSection(SolutionConfigurationPlatforms) = preSolution
		Debug|Any CPU = Debug|Any CPU
		Release|Any CPU = Release|Any CPU
	EndGlobalSection
	GlobalSection(ProjectConfigurationPlatforms) = postSolution
		{9259562C-399F-41E4-8D74-E768B4ABC1B2}.Debug|Any CPU.ActiveCfg = Debug|Any CPU
		{9259562C-399F-41E4-8D74-E768B4ABC1B2}.Debug|Any CPU.Build.0 = Debug|Any CPU
		{9259562C-399F-41E4-8D74-E768B4ABC1B2}.Release|Any CPU.ActiveCfg = Release|Any CPU
		{9259562C-399F-41E4-8D74-E768B4ABC1B2}.Release|Any CPU.Build.0 = Release|Any CPU
	EndGlobalSection
	GlobalSection(SolutionProperties) = preSolution
		HideSolutionNode = FALSE
	EndGlobalSection
	GlobalSection(ExtensibilityGlobals) = postSolution
		SolutionGuid = {EBDE1BCA-A36B-4B91-B074-4D71C76746C1}
	EndGlobalSection
EndGlobal
